<Solution>
  <Configurations>
    <Platform Name="x64" />
    <Platform Name="x86" />
  </Configurations>
  <Project Path="D:/Proyectos/win64-abi-lab/case01_return_value_registers/case01_return_value_registers.vcxproj" Id="ce0ff0a9-7408-43ab-8edf-6f17a017e35f">
    <Build Solution="*|x86" Project="false" />
    <Build Solution="Release|x64" Project="false" />
  </Project>
  <Project Path="D:/Proyectos/win64-abi-lab/case02_bool_representation/case02_bool_representation.vcxproj" Id="d468bd8e-6681-426b-9fdc-b88003cf92f9">
    <Build Solution="*|x86" Project="false" />
    <Build Solution="Release|x64" Project="false" />
  </Project>
  <Project Path="D:/Proyectos/win64-abi-lab/case03_structure_padding/case03_structure_padding.vcxproj" Id="0ad65dc8-1e2a-4322-9397-9cf76ad2d9c5" />
  <Project Path="D:/Proyectos/win64-abi-lab/case04_float_point_theme/case04_float_point_theme.vcxproj" Id="000c6d4c-b2fe-4d66-bffa-1a0d7d617964" />
  <Project Path="D:/Proyectos/win64-abi-lab/case05_simd_sse2_avx/case05_simd_sse2_avx.vcxproj" Id="7b5874d8-4360-4988-9fd4-66793371f657" />
</Solution>
